// !$*UTF8*$!
{
	archiveVersion = 1;
	classes = {
	};
	objectVersion = 55;
	objects = {

/* Begin PBXBuildFile section */
		BD55E74128A69A5900BA9849 /* GameInfo.swift in Sources */ = {isa = PBXBuildFile; fileRef = BD55E74028A69A5800BA9849 /* GameInfo.swift */; };
		BD5758AC28A56EFD00A5D674 /* AppDelegate.swift in Sources */ = {isa = PBXBuildFile; fileRef = BD5758AB28A56EFD00A5D674 /* AppDelegate.swift */; };
		BD5758AE28A56EFD00A5D674 /* SceneDelegate.swift in Sources */ = {isa = PBXBuildFile; fileRef = BD5758AD28A56EFD00A5D674 /* SceneDelegate.swift */; };
		BD5758B028A56EFD00A5D674 /* ViewController.swift in Sources */ = {isa = PBXBuildFile; fileRef = BD5758AF28A56EFD00A5D674 /* ViewController.swift */; };
		BD5758B328A56EFD00A5D674 /* Main.storyboard in Resources */ = {isa = PBXBuildFile; fileRef = BD5758B128A56EFD00A5D674 /* Main.storyboard */; };
		BD5758B628A56EFD00A5D674 /* miniProject2.xcdatamodeld in Sources */ = {isa = PBXBuildFile; fileRef = BD5758B428A56EFD00A5D674 /* miniProject2.xcdatamodeld */; };
		BD5758B828A56EFE00A5D674 /* Assets.xcassets in Resources */ = {isa = PBXBuildFile; fileRef = BD5758B728A56EFE00A5D674 /* Assets.xcassets */; };
		BD5758BB28A56EFE00A5D674 /* LaunchScreen.storyboard in Resources */ = {isa = PBXBuildFile; fileRef = BD5758B928A56EFE00A5D674 /* LaunchScreen.storyboard */; };
		BD5758C328A5848000A5D674 /* SecondViewController.swift in Sources */ = {isa = PBXBuildFile; fileRef = BD5758C228A5848000A5D674 /* SecondViewController.swift */; };
		BD5758C528A58A1700A5D674 /* ThirdViewController.swift in Sources */ = {isa = PBXBuildFile; fileRef = BD5758C428A58A1700A5D674 /* ThirdViewController.swift */; };
		BD5758C728A58CAA00A5D674 /* FourthViewController.swift in Sources */ = {isa = PBXBuildFile; fileRef = BD5758C628A58CAA00A5D674 /* FourthViewController.swift */; };
/* End PBXBuildFile section */

/* Begin PBXFileReference section */
		BD55E74028A69A5800BA9849 /* GameInfo.swift */ = {isa = PBXFileReference; lastKnownFileType = sourcecode.swift; path = GameInfo.swift; sourceTree = "<group>"; };
		BD5758A828A56EFD00A5D674 /* miniProject2.app */ = {isa = PBXFileReference; explicitFileType = wrapper.application; includeInIndex = 0; path = miniProject2.app; sourceTree = BUILT_PRODUCTS_DIR; };
		BD5758AB28A56EFD00A5D674 /* AppDelegate.swift */ = {isa = PBXFileReference; lastKnownFileType = sourcecode.swift; path = AppDelegate.swift; sourceTree = "<group>"; };
		BD5758AD28A56EFD00A5D674 /* SceneDelegate.swift */ = {isa = PBXFileReference; lastKnownFileType = sourcecode.swift; path = SceneDelegate.swift; sourceTree = "<group>"; };
		BD5758AF28A56EFD00A5D674 /* ViewController.swift */ = {isa = PBXFileReference; lastKnownFileType = sourcecode.swift; path = ViewController.swift; sourceTree = "<group>"; };
		BD5758B228A56EFD00A5D674 /* Base */ = {isa = PBXFileReference; lastKnownFileType = file.storyboard; name = Base; path = Base.lproj/Main.storyboard; sourceTree = "<group>"; };
		BD5758B528A56EFD00A5D674 /* miniProject2.xcdatamodel */ = {isa = PBXFileReference; lastKnownFileType = wrapper.xcdatamodel; path = miniProject2.xcdatamodel; sourceTree = "<group>"; };
		BD5758B728A56EFE00A5D674 /* Assets.xcassets */ = {isa = PBXFileReference; lastKnownFileType = folder.assetcatalog; path = Assets.xcassets; sourceTree = "<group>"; };
		BD5758BA28A56EFE00A5D674 /* Base */ = {isa = PBXFileReference; lastKnownFileType = file.storyboard; name = Base; path = Base.lproj/LaunchScreen.storyboard; sourceTree = "<group>"; };
		BD5758BC28A56EFE00A5D674 /* Info.plist */ = {isa = PBXFileReference; lastKnownFileType = text.plist.xml; path = Info.plist; sourceTree = "<group>"; };
		BD5758C228A5848000A5D674 /* SecondViewController.swift */ = {isa = PBXFileReference; lastKnownFileType = sourcecode.swift; path = SecondViewController.swift; sourceTree = "<group>"; };
		BD5758C428A58A1700A5D674 /* ThirdViewController.swift */ = {isa = PBXFileReference; lastKnownFileType = sourcecode.swift; path = ThirdViewController.swift; sourceTree = "<group>"; };
		BD5758C628A58CAA00A5D674 /* FourthViewController.swift */ = {isa = PBXFileReference; lastKnownFileType = sourcecode.swift; path = FourthViewController.swift; sourceTree = "<group>"; };
/* End PBXFileReference section */

/* Begin PBXFrameworksBuildPhase section */
		BD5758A528A56EFD00A5D674 /* Frameworks */ = {
			isa = PBXFrameworksBuildPhase;
			buildActionMask = 2147483647;
			files = (
			);
			runOnlyForDeploymentPostprocessing = 0;
		};
/* End PBXFrameworksBuildPhase section */

/* Begin PBXGroup section */
		BD57589F28A56EFD00A5D674 = {
			isa = PBXGroup;
			children = (
				BD5758AA28A56EFD00A5D674 /* miniProject2 */,
				BD5758A928A56EFD00A5D674 /* Products */,
			);
			sourceTree = "<group>";
		};
		BD5758A928A56EFD00A5D674 /* Products */ = {
			isa = PBXGroup;
			children = (
				BD5758A828A56EFD00A5D674 /* miniProject2.app */,
			);
			name = Products;
			sourceTree = "<group>";
		};
		BD5758AA28A56EFD00A5D674 /* miniProject2 */ = {
			isa = PBXGroup;
			children = (
				BD5758AB28A56EFD00A5D674 /* AppDelegate.swift */,
				BD5758AD28A56EFD00A5D674 /* SceneDelegate.swift */,
				BD5758AF28A56EFD00A5D674 /* ViewController.swift */,
				BD5758B128A56EFD00A5D674 /* Main.storyboard */,
				BD55E74028A69A5800BA9849 /* GameInfo.swift */,
				BD5758C628A58CAA00A5D674 /* FourthViewController.swift */,
				BD5758C428A58A1700A5D674 /* ThirdViewController.swift */,
				BD5758C228A5848000A5D674 /* SecondViewController.swift */,
				BD5758B728A56EFE00A5D674 /* Assets.xcassets */,
				BD5758B928A56EFE00A5D674 /* LaunchScreen.storyboard */,
				BD5758BC28A56EFE00A5D674 /* Info.plist */,
				BD5758B428A56EFD00A5D674 /* miniProject2.xcdatamodeld */,
			);
			path = miniProject2;
			sourceTree = "<group>";
		};
/* End PBXGroup section */

/* Begin PBXNativeTarget section */
		BD5758A728A56EFD00A5D674 /* miniProject2 */ = {
			isa = PBXNativeTarget;
			buildConfigurationList = BD5758BF28A56EFE00A5D674 /* Build configuration list for PBXNativeTarget "miniProject2" */;
			buildPhases = (
				BD5758A428A56EFD00A5D674 /* Sources */,
				BD5758A528A56EFD00A5D674 /* Frameworks */,
				BD5758A628A56EFD00A5D674 /* Resources */,
			);
			buildRules = (
			);
			dependencies = (
			);
			name = miniProject2;
			productName = miniProject2;
			productReference = BD5758A828A56EFD00A5D674 /* miniProject2.app */;
			productType = "com.apple.product-type.application";
		};
/* End PBXNativeTarget section */

/* Begin PBXProject section */
		BD5758A028A56EFD00A5D674 /* Project object */ = {
			isa = PBXProject;
			attributes = {
				BuildIndependentTargetsInParallel = 1;
				LastSwiftUpdateCheck = 1340;
				LastUpgradeCheck = 1340;
				TargetAttributes = {
					BD5758A728A56EFD00A5D674 = {
						CreatedOnToolsVersion = 13.4.1;
					};
				};
			};
			buildConfigurationList = BD5758A328A56EFD00A5D674 /* Build configuration list for PBXProject "miniProject2" */;
			compatibilityVersion = "Xcode 13.0";
			developmentRegion = en;
			hasScannedForEncodings = 0;
			knownRegions = (
				en,
				Base,
			);
			mainGroup = BD57589F28A56EFD00A5D674;
			productRefGroup = BD5758A928A56EFD00A5D674 /* Products */;
			projectDirPath = "";
			projectRoot = "";
			targets = (
				BD5758A728A56EFD00A5D674 /* miniProject2 */,
			);
		};
/* End PBXProject section */

/* Begin PBXResourcesBuildPhase section */
		BD5758A628A56EFD00A5D674 /* Resources */ = {
			isa = PBXResourcesBuildPhase;
			buildActionMask = 2147483647;
			files = (
				BD5758BB28A56EFE00A5D674 /* LaunchScreen.storyboard in Resources */,
				BD5758B828A56EFE00A5D674 /* Assets.xcassets in Resources */,
				BD5758B328A56EFD00A5D674 /* Main.storyboard in Resources */,
			);
			runOnlyForDeploymentPostprocessing = 0;
		};
/* End PBXResourcesBuildPhase section */

/* Begin PBXSourcesBuildPhase section */
		BD5758A428A56EFD00A5D674 /* Sources */ = {
			isa = PBXSourcesBuildPhase;
			buildActionMask = 2147483647;
			files = (
				BD5758B028A56EFD00A5D674 /* ViewController.swift in Sources */,
				BD5758AC28A56EFD00A5D674 /* AppDelegate.swift in Sources */,
				BD5758AE28A56EFD00A5D674 /* SceneDelegate.swift in Sources */,
				BD5758C728A58CAA00A5D674 /* FourthViewController.swift in Sources */,
				BD5758C328A5848000A5D674 /* SecondViewController.swift in Sources */,
				BD5758C528A58A1700A5D674 /* ThirdViewController.swift in Sources */,
				BD5758B628A56EFD00A5D674 /* miniProject2.xcdatamodeld in Sources */,
				BD55E74128A69A5900BA9849 /* GameInfo.swift in Sources */,
			);
			runOnlyForDeploymentPostprocessing = 0;
		};
/* End PBXSourcesBuildPhase section */

/* Begin PBXVariantGroup section */
		BD5758B128A56EFD00A5D674 /* Main.storyboard */ = {
			isa = PBXVariantGroup;
			children = (
				BD5758B228A56EFD00A5D674 /* Base */,
			);
			name = Main.storyboard;
			sourceTree = "<group>";
		};
		BD5758B928A56EFE00A5D674 /* LaunchScreen.storyboard */ = {
			isa = PBXVariantGroup;
			children = (
				BD5758BA28A56EFE00A5D674 /* Base */,
			);
			name = LaunchScreen.storyboard;
			sourceTree = "<group>";
		};
/* End PBXVariantGroup section */

/* Begin XCBuildConfiguration section */
		BD5758BD28A56EFE00A5D674 /* Debug */ = {
			isa = XCBuildConfiguration;
			buildSettings = {
				ALWAYS_SEARCH_USER_PATHS = NO;
				CLANG_ANALYZER_NONNULL = YES;
				CLANG_ANALYZER_NUMBER_OBJECT_CONVERSION = YES_AGGRESSIVE;
				CLANG_CXX_LANGUAGE_STANDARD = "gnu++17";
				CLANG_ENABLE_MODULES = YES;
				CLANG_ENABLE_OBJC_ARC = YES;
				CLANG_ENABLE_OBJC_WEAK = YES;
				CLANG_WARN_BLOCK_CAPTURE_AUTORELEASING = YES;
				CLANG_WARN_BOOL_CONVERSION = YES;
				CLANG_WARN_COMMA = YES;
				CLANG_WARN_CONSTANT_CONVERSION = YES;
				CLANG_WARN_DEPRECATED_OBJC_IMPLEMENTATIONS = YES;
				CLANG_WARN_DIRECT_OBJC_ISA_USAGE = YES_ERROR;
				CLANG_WARN_DOCUMENTATION_COMMENTS = YES;
				CLANG_WARN_EMPTY_BODY = YES;
				CLANG_WARN_ENUM_CONVERSION = YES;
				CLANG_WARN_INFINITE_RECURSION = YES;
				CLANG_WARN_INT_CONVERSION = YES;
				CLANG_WARN_NON_LITERAL_NULL_CONVERSION = YES;
				CLANG_WARN_OBJC_IMPLICIT_RETAIN_SELF = YES;
				CLANG_WARN_OBJC_LITERAL_CONVERSION = YES;
				CLANG_WARN_OBJC_ROOT_CLASS = YES_ERROR;
				CLANG_WARN_QUOTED_INCLUDE_IN_FRAMEWORK_HEADER = YES;
				CLANG_WARN_RANGE_LOOP_ANALYSIS = YES;
				CLANG_WARN_STRICT_PROTOTYPES = YES;
				CLANG_WARN_SUSPICIOUS_MOVE = YES;
				CLANG_WARN_UNGUARDED_AVAILABILITY = YES_AGGRESSIVE;
				CLANG_WARN_UNREACHABLE_CODE = YES;
				CLANG_WARN__DUPLICATE_METHOD_MATCH = YES;
				COPY_PHASE_STRIP = NO;
				DEBUG_INFORMATION_FORMAT = dwarf;
				ENABLE_STRICT_OBJC_MSGSEND = YES;
				ENABLE_TESTABILITY = YES;
				GCC_C_LANGUAGE_STANDARD = gnu11;
				GCC_DYNAMIC_NO_PIC = NO;
				GCC_NO_COMMON_BLOCKS = YES;
				GCC_OPTIMIZATION_LEVEL = 0;
				GCC_PREPROCESSOR_DEFINITIONS = (
					"DEBUG=1",
					"$(inherited)",
				);
				GCC_WARN_64_TO_32_BIT_CONVERSION = YES;
				GCC_WARN_ABOUT_RETURN_TYPE = YES_ERROR;
				GCC_WARN_UNDECLARED_SELECTOR = YES;
				GCC_WARN_UNINITIALIZED_AUTOS = YES_AGGRESSIVE;
				GCC_WARN_UNUSED_FUNCTION = YES;
				GCC_WARN_UNUSED_VARIABLE = YES;
				IPHONEOS_DEPLOYMENT_TARGET = 15.5;
				MTL_ENABLE_DEBUG_INFO = INCLUDE_SOURCE;
				MTL_FAST_MATH = YES;
				ONLY_ACTIVE_ARCH = YES;
				SDKROOT = iphoneos;
				SWIFT_ACTIVE_COMPILATION_CONDITIONS = DEBUG;
				SWIFT_OPTIMIZATION_LEVEL = "-Onone";
			};
			name = Debug;
		};
		BD5758BE28A56EFE00A5D674 /* Release */ = {
			isa = XCBuildConfiguration;
			buildSettings = {
				ALWAYS_SEARCH_USER_PATHS = NO;
				CLANG_ANALYZER_NONNULL = YES;
				CLANG_ANALYZER_NUMBER_OBJECT_CONVERSION = YES_AGGRESSIVE;
				CLANG_CXX_LANGUAGE_STANDARD = "gnu++17";
				CLANG_ENABLE_MODULES = YES;
				CLANG_ENABLE_OBJC_ARC = YES;
				CLANG_ENABLE_OBJC_WEAK = YES;
				CLANG_WARN_BLOCK_CAPTURE_AUTORELEASING = YES;
				CLANG_WARN_BOOL_CONVERSION = YES;
				CLANG_WARN_COMMA = YES;
				CLANG_WARN_CONSTANT_CONVERSION = YES;
				CLANG_WARN_DEPRECATED_OBJC_IMPLEMENTATIONS = YES;
				CLANG_WARN_DIRECT_OBJC_ISA_USAGE = YES_ERROR;
				CLANG_WARN_DOCUMENTATION_COMMENTS = YES;
				CLANG_WARN_EMPTY_BODY = YES;
				CLANG_WARN_ENUM_CONVERSION = YES;
				CLANG_WARN_INFINITE_RECURSION = YES;
				CLANG_WARN_INT_CONVERSION = YES;
				CLANG_WARN_NON_LITERAL_NULL_CONVERSION = YES;
				CLANG_WARN_OBJC_IMPLICIT_RETAIN_SELF = YES;
				CLANG_WARN_OBJC_LITERAL_CONVERSION = YES;
				CLANG_WARN_OBJC_ROOT_CLASS = YES_ERROR;
				CLANG_WARN_QUOTED_INCLUDE_IN_FRAMEWORK_HEADER = YES;
				CLANG_WARN_RANGE_LOOP_ANALYSIS = YES;
				CLANG_WARN_STRICT_PROTOTYPES = YES;
				CLANG_WARN_SUSPICIOUS_MOVE = YES;
				CLANG_WARN_UNGUARDED_AVAILABILITY = YES_AGGRESSIVE;
				CLANG_WARN_UNREACHABLE_CODE = YES;
				CLANG_WARN__DUPLICATE_METHOD_MATCH = YES;
				COPY_PHASE_STRIP = NO;
				DEBUG_INFORMATION_FORMAT = "dwarf-with-dsym";
				ENABLE_NS_ASSERTIONS = NO;
				ENABLE_STRICT_OBJC_MSGSEND = YES;
				GCC_C_LANGUAGE_STANDARD = gnu11;
				GCC_NO_COMMON_BLOCKS = YES;
				GCC_WARN_64_TO_32_BIT_CONVERSION = YES;
				GCC_WARN_ABOUT_RETURN_TYPE = YES_ERROR;
				GCC_WARN_UNDECLARED_SELECTOR = YES;
				GCC_WARN_UNINITIALIZED_AUTOS = YES_AGGRESSIVE;
				GCC_WARN_UNUSED_FUNCTION = YES;
				GCC_WARN_UNUSED_VARIABLE = YES;
				IPHONEOS_DEPLOYMENT_TARGET = 15.5;
				MTL_ENABLE_DEBUG_INFO = NO;
				MTL_FAST_MATH = YES;
				SDKROOT = iphoneos;
				SWIFT_COMPILATION_MODE = wholemodule;
				SWIFT_OPTIMIZATION_LEVEL = "-O";
				VALIDATE_PRODUCT = YES;
			};
			name = Release;
		};
		BD5758C028A56EFE00A5D674 /* Debug */ = {
			isa = XCBuildConfiguration;
			buildSettings = {
				ASSETCATALOG_COMPILER_APPICON_NAME = AppIcon;
				ASSETCATALOG_COMPILER_GLOBAL_ACCENT_COLOR_NAME = AccentColor;
				CODE_SIGN_STYLE = Automatic;
				CURRENT_PROJECT_VERSION = 1;
				GENERATE_INFOPLIST_FILE = YES;
				INFOPLIST_FILE = miniProject2/Info.plist;
				INFOPLIST_KEY_UIApplicationSupportsIndirectInputEvents = YES;
				INFOPLIST_KEY_UILaunchStoryboardName = LaunchScreen;
				INFOPLIST_KEY_UIMainStoryboardFile = Main;
				INFOPLIST_KEY_UISupportedInterfaceOrientations_iPad = "UIInterfaceOrientationPortrait UIInterfaceOrientationPortraitUpsideDown UIInterfaceOrientationLandscapeLeft UIInterfaceOrientationLandscapeRight";
				INFOPLIST_KEY_UISupportedInterfaceOrientations_iPhone = "UIInterfaceOrientationPortrait UIInterfaceOrientationLandscapeLeft UIInterfaceOrientationLandscapeRight";
				LD_RUNPATH_SEARCH_PATHS = (
					"$(inherited)",
					"@executable_path/Frameworks",
				);
				MARKETING_VERSION = 1.0;
				PRODUCT_BUNDLE_IDENTIFIER = kwk.miniProject2;
				PRODUCT_NAME = "$(TARGET_NAME)";
				SWIFT_EMIT_LOC_STRINGS = YES;
				SWIFT_VERSION = 5.0;
				TARGETED_DEVICE_FAMILY = "1,2";
			};
			name = Debug;
		};
		BD5758C128A56EFE00A5D674 /* Release */ = {
			isa = XCBuildConfiguration;
			buildSettings = {
				ASSETCATALOG_COMPILER_APPICON_NAME = AppIcon;
				ASSETCATALOG_COMPILER_GLOBAL_ACCENT_COLOR_NAME = AccentColor;
				CODE_SIGN_STYLE = Automatic;
				CURRENT_PROJECT_VERSION = 1;
				GENERATE_INFOPLIST_FILE = YES;
				INFOPLIST_FILE = miniProject2/Info.plist;
				INFOPLIST_KEY_UIApplicationSupportsIndirectInputEvents = YES;
				INFOPLIST_KEY_UILaunchStoryboardName = LaunchScreen;
				INFOPLIST_KEY_UIMainStoryboardFile = Main;
				INFOPLIST_KEY_UISupportedInterfaceOrientations_iPad = "UIInterfaceOrientationPortrait UIInterfaceOrientationPortraitUpsideDown UIInterfaceOrientationLandscapeLeft UIInterfaceOrientationLandscapeRight";
				INFOPLIST_KEY_UISupportedInterfaceOrientations_iPhone = "UIInterfaceOrientationPortrait UIInterfaceOrientationLandscapeLeft UIInterfaceOrientationLandscapeRight";
				LD_RUNPATH_SEARCH_PATHS = (
					"$(inherited)",
					"@executable_path/Frameworks",
				);
				MARKETING_VERSION = 1.0;
				PRODUCT_BUNDLE_IDENTIFIER = kwk.miniProject2;
				PRODUCT_NAME = "$(TARGET_NAME)";
				SWIFT_EMIT_LOC_STRINGS = YES;
				SWIFT_VERSION = 5.0;
				TARGETED_DEVICE_FAMILY = "1,2";
			};
			name = Release;
		};
/* End XCBuildConfiguration section */

/* Begin XCConfigurationList section */
		BD5758A328A56EFD00A5D674 /* Build configuration list for PBXProject "miniProject2" */ = {
			isa = XCConfigurationList;
			buildConfigurations = (
				BD5758BD28A56EFE00A5D674 /* Debug */,
				BD5758BE28A56EFE00A5D674 /* Release */,
			);
			defaultConfigurationIsVisible = 0;
			defaultConfigurationName = Release;
		};
		BD5758BF28A56EFE00A5D674 /* Build configuration list for PBXNativeTarget "miniProject2" */ = {
			isa = XCConfigurationList;
			buildConfigurations = (
				BD5758C028A56EFE00A5D674 /* Debug */,
				BD5758C128A56EFE00A5D674 /* Release */,
			);
			defaultConfigurationIsVisible = 0;
			defaultConfigurationName = Release;
		};
/* End XCConfigurationList section */

/* Begin XCVersionGroup section */
		BD5758B428A56EFD00A5D674 /* miniProject2.xcdatamodeld */ = {
			isa = XCVersionGroup;
			children = (
				BD5758B528A56EFD00A5D674 /* miniProject2.xcdatamodel */,
			);
			currentVersion = BD5758B528A56EFD00A5D674 /* miniProject2.xcdatamodel */;
			path = miniProject2.xcdatamodeld;
			sourceTree = "<group>";
			versionGroupType = wrapper.xcdatamodel;
		};
/* End XCVersionGroup section */
	};
	rootObject = BD5758A028A56EFD00A5D674 /* Project object */;
}
